
Microsoft Visual Studio Solution File, Format Version 12.00
# Visual Studio Version 16
VisualStudioVersion = 16.0.31112.23
MinimumVisualStudioVersion = 10.0.40219.1
Project("{9A19103F-16F7-4668-BE54-9A1E7A4F7556}") = "GameStore.API", "GameStore.API\GameStore.API.csproj", "{8F872384-8862-4C65-8B88-5E4DBDE44B17}"
EndProject
Project("{9A19103F-16F7-4668-BE54-9A1E7A4F7556}") = "GameStore.Domain", "GameStore.Domain\GameStore.Domain.csproj", "{6D8AEA87-00C6-4248-AB9D-30B4AD509914}"
EndProject
Project("{9A19103F-16F7-4668-BE54-9A1E7A4F7556}") = "GameStore.Application", "GameStore.Application\GameStore.Application.csproj", "{0056AECF-C306-4721-ADA0-72C693A5B568}"
EndProject
Project("{9A19103F-16F7-4668-BE54-9A1E7A4F7556}") = "GameStore.Infrastructure", "GameStore.Infrastructure\GameStore.Infrastructure.csproj", "{6ACEAC70-36DE-4913-9B07-01F505E428E4}"
EndProject
Project("{9A19103F-16F7-4668-BE54-9A1E7A4F7556}") = "GameStore.UnitTests", "GameStore.Tests\GameStore.UnitTests\GameStore.UnitTests.csproj", "{42E4BCA9-25A2-44D9-A9ED-1F0C3E3FAF2A}"
EndProject
Project("{FAE04EC0-301F-11D3-BF4B-00C04F79EFBC}") = "GameStore.IntegrationTests", "GameStore.Tests\GameStore.IntegrationTests\GameStore.IntegrationTests.csproj", "{6E7933F7-70A2-4941-8DF1-65D187306BFD}"
EndProject
Global
	GlobalSection(SolutionConfigurationPlatforms) = preSolution
		Debug|Any CPU = Debug|Any CPU
		Release|Any CPU = Release|Any CPU
	EndGlobalSection
	GlobalSection(ProjectConfigurationPlatforms) = postSolution
		{8F872384-8862-4C65-8B88-5E4DBDE44B17}.Debug|Any CPU.ActiveCfg = Debug|Any CPU
		{8F872384-8862-4C65-8B88-5E4DBDE44B17}.Debug|Any CPU.Build.0 = Debug|Any CPU
		{8F872384-8862-4C65-8B88-5E4DBDE44B17}.Release|Any CPU.ActiveCfg = Release|Any CPU
		{8F872384-8862-4C65-8B88-5E4DBDE44B17}.Release|Any CPU.Build.0 = Release|Any CPU
		{6D8AEA87-00C6-4248-AB9D-30B4AD509914}.Debug|Any CPU.ActiveCfg = Debug|Any CPU
		{6D8AEA87-00C6-4248-AB9D-30B4AD509914}.Debug|Any CPU.Build.0 = Debug|Any CPU
		{6D8AEA87-00C6-4248-AB9D-30B4AD509914}.Release|Any CPU.ActiveCfg = Release|Any CPU
		{6D8AEA87-00C6-4248-AB9D-30B4AD509914}.Release|Any CPU.Build.0 = Release|Any CPU
		{0056AECF-C306-4721-ADA0-72C693A5B568}.Debug|Any CPU.ActiveCfg = Debug|Any CPU
		{0056AECF-C306-4721-ADA0-72C693A5B568}.Debug|Any CPU.Build.0 = Debug|Any CPU
		{0056AECF-C306-4721-ADA0-72C693A5B568}.Release|Any CPU.ActiveCfg = Release|Any CPU
		{0056AECF-C306-4721-ADA0-72C693A5B568}.Release|Any CPU.Build.0 = Release|Any CPU
		{6ACEAC70-36DE-4913-9B07-01F505E428E4}.Debug|Any CPU.ActiveCfg = Debug|Any CPU
		{6ACEAC70-36DE-4913-9B07-01F505E428E4}.Debug|Any CPU.Build.0 = Debug|Any CPU
		{6ACEAC70-36DE-4913-9B07-01F505E428E4}.Release|Any CPU.ActiveCfg = Release|Any CPU
		{6ACEAC70-36DE-4913-9B07-01F505E428E4}.Release|Any CPU.Build.0 = Release|Any CPU
		{42E4BCA9-25A2-44D9-A9ED-1F0C3E3FAF2A}.Debug|Any CPU.ActiveCfg = Debug|Any CPU
		{42E4BCA9-25A2-44D9-A9ED-1F0C3E3FAF2A}.Debug|Any CPU.Build.0 = Debug|Any CPU
		{42E4BCA9-25A2-44D9-A9ED-1F0C3E3FAF2A}.Release|Any CPU.ActiveCfg = Release|Any CPU
		{42E4BCA9-25A2-44D9-A9ED-1F0C3E3FAF2A}.Release|Any CPU.Build.0 = Release|Any CPU
		{6E7933F7-70A2-4941-8DF1-65D187306BFD}.Debug|Any CPU.ActiveCfg = Debug|Any CPU
		{6E7933F7-70A2-4941-8DF1-65D187306BFD}.Debug|Any CPU.Build.0 = Debug|Any CPU
		{6E7933F7-70A2-4941-8DF1-65D187306BFD}.Release|Any CPU.ActiveCfg = Release|Any CPU
		{6E7933F7-70A2-4941-8DF1-65D187306BFD}.Release|Any CPU.Build.0 = Release|Any CPU
	EndGlobalSection
	GlobalSection(SolutionProperties) = preSolution
		HideSolutionNode = FALSE
	EndGlobalSection
	GlobalSection(ExtensibilityGlobals) = postSolution
		SolutionGuid = {1B6D0D89-C0E9-4219-A0CD-BE4FCE4FF760}
	EndGlobalSection
EndGlobal
